
Microsoft Visual Studio Solution File, Format Version 12.00
# Visual Studio Version 16
VisualStudioVersion = 16.0.31005.135
MinimumVisualStudioVersion = 10.0.40219.1
Project("{FAE04EC0-301F-11D3-BF4B-00C04F79EFBC}") = "estrutura-dados-csharp", "estrutura-dados-csharp\estrutura-dados-csharp.csproj", "{BED59607-1644-456F-8861-55F23C4FE827}"
EndProject
Global
	GlobalSection(SolutionConfigurationPlatforms) = preSolution
		Debug|Any CPU = Debug|Any CPU
		Release|Any CPU = Release|Any CPU
	EndGlobalSection
	GlobalSection(ProjectConfigurationPlatforms) = postSolution
		{BED59607-1644-456F-8861-55F23C4FE827}.Debug|Any CPU.ActiveCfg = Debug|Any CPU
		{BED59607-1644-456F-8861-55F23C4FE827}.Debug|Any CPU.Build.0 = Debug|Any CPU
		{BED59607-1644-456F-8861-55F23C4FE827}.Release|Any CPU.ActiveCfg = Release|Any CPU
		{BED59607-1644-456F-8861-55F23C4FE827}.Release|Any CPU.Build.0 = Release|Any CPU
	EndGlobalSection
	GlobalSection(SolutionProperties) = preSolution
		HideSolutionNode = FALSE
	EndGlobalSection
	GlobalSection(ExtensibilityGlobals) = postSolution
		SolutionGuid = {D34F1827-0187-4FCF-851E-A54972FFD462}
	EndGlobalSection
EndGlobal
